
Microsoft Visual Studio Solution File, Format Version 12.00
# Visual Studio Version 17
VisualStudioVersion = 17.13.35931.197 d17.13
MinimumVisualStudioVersion = 10.0.40219.1
Project("{FAE04EC0-301F-11D3-BF4B-00C04F79EFBC}") = "Dz_Proga_4", "Dz_Proga_4.csproj", "{8AEB217F-D5BB-452B-91ED-0A5BD2EA360D}"
EndProject
Global
	GlobalSection(SolutionConfigurationPlatforms) = preSolution
		Debug|Any CPU = Debug|Any CPU
		Release|Any CPU = Release|Any CPU
	EndGlobalSection
	GlobalSection(ProjectConfigurationPlatforms) = postSolution
		{8AEB217F-D5BB-452B-91ED-0A5BD2EA360D}.Debug|Any CPU.ActiveCfg = Debug|Any CPU
		{8AEB217F-D5BB-452B-91ED-0A5BD2EA360D}.Debug|Any CPU.Build.0 = Debug|Any CPU
		{8AEB217F-D5BB-452B-91ED-0A5BD2EA360D}.Release|Any CPU.ActiveCfg = Release|Any CPU
		{8AEB217F-D5BB-452B-91ED-0A5BD2EA360D}.Release|Any CPU.Build.0 = Release|Any CPU
	EndGlobalSection
	GlobalSection(SolutionProperties) = preSolution
		HideSolutionNode = FALSE
	EndGlobalSection
	GlobalSection(ExtensibilityGlobals) = postSolution
		SolutionGuid = {6653C3DD-DDE4-49DA-9E1A-B76A2A34C5B2}
	EndGlobalSection
EndGlobal
